
Microsoft Visual Studio Solution File, Format Version 12.00
# Visual Studio Version 16
VisualStudioVersion = 16.0.32106.194
MinimumVisualStudioVersion = 10.0.40219.1
Project("{8BC9CEB8-8B4A-11D0-8D11-00A0C91BC942}") = "Stack", "Stack.vcxproj", "{6AF64BAC-947B-4DF0-8AF2-C09675BF7FDE}"
EndProject
Global
	GlobalSection(SolutionConfigurationPlatforms) = preSolution
		Debug|x64 = Debug|x64
		Debug|x86 = Debug|x86
		Release|x64 = Release|x64
		Release|x86 = Release|x86
	EndGlobalSection
	GlobalSection(ProjectConfigurationPlatforms) = postSolution
		{6AF64BAC-947B-4DF0-8AF2-C09675BF7FDE}.Debug|x64.ActiveCfg = Debug|x64
		{6AF64BAC-947B-4DF0-8AF2-C09675BF7FDE}.Debug|x64.Build.0 = Debug|x64
		{6AF64BAC-947B-4DF0-8AF2-C09675BF7FDE}.Debug|x86.ActiveCfg = Debug|Win32
		{6AF64BAC-947B-4DF0-8AF2-C09675BF7FDE}.Debug|x86.Build.0 = Debug|Win32
		{6AF64BAC-947B-4DF0-8AF2-C09675BF7FDE}.Release|x64.ActiveCfg = Release|x64
		{6AF64BAC-947B-4DF0-8AF2-C09675BF7FDE}.Release|x64.Build.0 = Release|x64
		{6AF64BAC-947B-4DF0-8AF2-C09675BF7FDE}.Release|x86.ActiveCfg = Release|Win32
		{6AF64BAC-947B-4DF0-8AF2-C09675BF7FDE}.Release|x86.Build.0 = Release|Win32
	EndGlobalSection
	GlobalSection(SolutionProperties) = preSolution
		HideSolutionNode = FALSE
	EndGlobalSection
	GlobalSection(ExtensibilityGlobals) = postSolution
		SolutionGuid = {B7F9A002-3393-41C9-A639-87B87574D32F}
	EndGlobalSection
EndGlobal
